{
  "name": "asp.net",
  "version": "1.0.0",
  "lockfileVersion": 1,
  "requires": true,
  "dependencies": {
    "@syncfusion/ej2": {
      "version": "16.3.21",
      "resolved": "https://registry.npmjs.org/@syncfusion/ej2/-/ej2-16.3.21.tgz",
      "integrity": "sha512-u/mS4xTmOL4DH8fkmmR6M734D9a60GxIE+6PKEYiLaGsPrumE60Pcrh7CJ/3Zx4uGhmOhy+bOuH+cSFicCZH5Q==",
      "dev": true,
      "requires": {
        "@syncfusion/ej2-base": "~16.3.21",
        "@syncfusion/ej2-buttons": "~16.3.21",
        "@syncfusion/ej2-calendars": "~16.3.21",
        "@syncfusion/ej2-charts": "~16.3.21",
        "@syncfusion/ej2-circulargauge": "~16.3.21",
        "@syncfusion/ej2-compression": "~16.3.21",
        "@syncfusion/ej2-data": "~16.3.21",
        "@syncfusion/ej2-diagrams": "~16.3.21",
        "@syncfusion/ej2-documenteditor": "~16.3.21",
        "@syncfusion/ej2-dropdowns": "~16.3.21",
        "@syncfusion/ej2-excel-export": "~16.3.21",
        "@syncfusion/ej2-file-utils": "~16.3.21",
        "@syncfusion/ej2-grids": "~16.3.21",
        "@syncfusion/ej2-heatmap": "~16.3.21",
        "@syncfusion/ej2-inputs": "~16.3.21",
        "@syncfusion/ej2-layouts": "~16.3.21",
        "@syncfusion/ej2-lineargauge": "~16.3.21",
        "@syncfusion/ej2-lists": "~16.3.21",
        "@syncfusion/ej2-maps": "~16.3.21",
        "@syncfusion/ej2-navigations": "~16.3.21",
        "@syncfusion/ej2-notifications": "~16.3.21",
        "@syncfusion/ej2-pdf-export": "~16.3.21",
        "@syncfusion/ej2-pivotview": "~16.3.21",
        "@syncfusion/ej2-popups": "~16.3.21",
        "@syncfusion/ej2-richtexteditor": "~16.3.21",
        "@syncfusion/ej2-schedule": "~16.3.21",
        "@syncfusion/ej2-splitbuttons": "~16.3.21",
        "@syncfusion/ej2-svg-base": "~16.3.21",
        "@syncfusion/ej2-treemap": "~16.3.21",
        "tslib": "^1.8.0"
      }
    },
    "@syncfusion/ej2-base": {
      "version": "16.3.21",
      "resolved": "https://registry.npmjs.org/@syncfusion/ej2-base/-/ej2-base-16.3.21.tgz",
      "integrity": "sha512-TTjacG38g1/BhMg47o/kwaS7iLZpinCthTyxUCwMX+dpRtMW2l2lRd38OPbwv4WkrfJjVsO3aK82XxoV5Id9Sw==",
      "dev": true
    },
    "@syncfusion/ej2-buttons": {
      "version": "16.3.21",
      "resolved": "https://registry.npmjs.org/@syncfusion/ej2-buttons/-/ej2-buttons-16.3.21.tgz",
      "integrity": "sha512-seeOXVI3qvzQVm5hq6RV/mO1WI4qypXJNFU9L8nmsoC18UUWBrQRqKQermQxvBa+fwwgWeDQOYs+EgEOdPZuTA==",
      "dev": true,
      "requires": {
        "@syncfusion/ej2-base": "~16.3.21"
      }
    },
    "@syncfusion/ej2-calendars": {
      "version": "16.3.21",
      "resolved": "https://registry.npmjs.org/@syncfusion/ej2-calendars/-/ej2-calendars-16.3.21.tgz",
      "integrity": "sha512-WYEPTfs9uaUERrlAJraeCcv1yp2C1lc0cOBX4a2rg9icRDjK2X8Te1VH9Q4HiuUER0B3O8e3+VIijIGoiWDxFA==",
      "dev": true,
      "requires": {
        "@syncfusion/ej2-base": "~16.3.21",
        "@syncfusion/ej2-buttons": "~16.3.21",
        "@syncfusion/ej2-inputs": "~16.3.21",
        "@syncfusion/ej2-lists": "~16.3.21",
        "@syncfusion/ej2-popups": "~16.3.21"
      }
    },
    "@syncfusion/ej2-charts": {
      "version": "16.3.22",
      "resolved": "https://registry.npmjs.org/@syncfusion/ej2-charts/-/ej2-charts-16.3.22.tgz",
      "integrity": "sha512-SxT05lGhP+j7E5F+AGYzLKodh3C9oWYpmJefqpR1KB4kg/2E2zr9oMKMvdDDP9cDS8afFKjUg1LZfIGk547wzA==",
      "dev": true,
      "requires": {
        "@syncfusion/ej2-base": "~16.3.21",
        "@syncfusion/ej2-calendars": "~16.3.21",
        "@syncfusion/ej2-compression": "~16.3.21",
        "@syncfusion/ej2-data": "~16.3.22",
        "@syncfusion/ej2-file-utils": "~16.3.21",
        "@syncfusion/ej2-navigations": "~16.3.21",
        "@syncfusion/ej2-pdf-export": "~16.3.21",
        "@syncfusion/ej2-svg-base": "~16.3.21"
      }
    },
    "@syncfusion/ej2-circulargauge": {
      "version": "16.3.21",
      "resolved": "https://registry.npmjs.org/@syncfusion/ej2-circulargauge/-/ej2-circulargauge-16.3.21.tgz",
      "integrity": "sha512-naMvrBISOsAFfxQv8VaNaUHi+d0LSHQRpzV9OUxRMHy+Vx0xgKPBRNNR2CwYO3oEv5Yc/GKUr4U01YWW3Ciyow==",
      "dev": true,
      "requires": {
        "@syncfusion/ej2-base": "~16.3.21",
        "@syncfusion/ej2-popups": "~16.3.21",
        "@syncfusion/ej2-svg-base": "~16.3.21"
      }
    },
    "@syncfusion/ej2-compression": {
      "version": "16.3.21",
      "resolved": "https://registry.npmjs.org/@syncfusion/ej2-compression/-/ej2-compression-16.3.21.tgz",
      "integrity": "sha512-po5Hcf1oIIRd+lJoWwgdZo7Nz+WBo1HwXZWPJHnciEy/OM3HX2BaEXjaD/6F2x8P5KvOLMG9TSPltubsikFy7A==",
      "dev": true,
      "requires": {
        "@syncfusion/ej2-file-utils": "~16.3.21"
      }
    },
    "@syncfusion/ej2-data": {
      "version": "16.3.22",
      "resolved": "https://registry.npmjs.org/@syncfusion/ej2-data/-/ej2-data-16.3.22.tgz",
      "integrity": "sha512-FXgFYfW3V0xE6Rqi+B723+ST0u3CyVX0qLeiuKLFIQsudhzLUX4oNXnLJD3YWnY6pu0KYozjCdyYjvCZA569Hw==",
      "dev": true,
      "requires": {
        "@syncfusion/ej2-base": "~16.3.21"
      }
    },
    "@syncfusion/ej2-diagrams": {
      "version": "16.3.21",
      "resolved": "https://registry.npmjs.org/@syncfusion/ej2-diagrams/-/ej2-diagrams-16.3.21.tgz",
      "integrity": "sha512-8XorBifIhr4Ml5q0pEH/t2sc3dordIeFqTT2nldOEmzVwkC/s9UiHb6Y6vsd7HQcI2QrYMx0hMuKZUME12wMBg==",
      "dev": true,
      "requires": {
        "@syncfusion/ej2-base": "~16.3.21",
        "@syncfusion/ej2-buttons": "~16.3.21",
        "@syncfusion/ej2-data": "~16.3.21",
        "@syncfusion/ej2-inputs": "~16.3.21",
        "@syncfusion/ej2-lists": "~16.3.21",
        "@syncfusion/ej2-navigations": "~16.3.21",
        "@syncfusion/ej2-popups": "~16.3.21"
      }
    },
    "@syncfusion/ej2-documenteditor": {
      "version": "16.3.23",
      "resolved": "https://registry.npmjs.org/@syncfusion/ej2-documenteditor/-/ej2-documenteditor-16.3.23.tgz",
      "integrity": "sha512-AK5bBLvkAWfk2MQAlx5wlEG0RHf+EQlk7CozFk0fawu2W+FdirZj1lrMqvTJPivo6lyA1+7z3daR9bZoaTEugg==",
      "dev": true,
      "requires": {
        "@syncfusion/ej2-base": "~16.3.21",
        "@syncfusion/ej2-buttons": "~16.3.21",
        "@syncfusion/ej2-compression": "~16.3.21",
        "@syncfusion/ej2-dropdowns": "~16.3.23",
        "@syncfusion/ej2-file-utils": "~16.3.21",
        "@syncfusion/ej2-inputs": "~16.3.22",
        "@syncfusion/ej2-navigations": "~16.3.23",
        "@syncfusion/ej2-popups": "~16.3.21",
        "@syncfusion/ej2-splitbuttons": "~16.3.22"
      }
    },
    "@syncfusion/ej2-dropdowns": {
      "version": "16.3.23",
      "resolved": "https://registry.npmjs.org/@syncfusion/ej2-dropdowns/-/ej2-dropdowns-16.3.23.tgz",
      "integrity": "sha512-Bd4h3Da25lDc5DCYnKEeg7Gd5bGqcKS2sCHyQOzb1kCNHH5tQwaGWQi9hF/aQAhGDif40mR2d8V7oWRCo5shBQ==",
      "dev": true,
      "requires": {
        "@syncfusion/ej2-base": "~16.3.21",
        "@syncfusion/ej2-data": "~16.3.22",
        "@syncfusion/ej2-inputs": "~16.3.22",
        "@syncfusion/ej2-lists": "~16.3.23",
        "@syncfusion/ej2-popups": "~16.3.21"
      }
    },
    "@syncfusion/ej2-excel-export": {
      "version": "16.3.21",
      "resolved": "https://registry.npmjs.org/@syncfusion/ej2-excel-export/-/ej2-excel-export-16.3.21.tgz",
      "integrity": "sha512-JVg+lZzX0lT3iVVuIQH+ZBcv8BIdRYnkS93JOUh11PfVb4/GeDEo6zzL0wmcCqp8PuzzegmBTjQF87sFxUgShA==",
      "dev": true,
      "requires": {
        "@syncfusion/ej2-base": "~16.3.21",
        "@syncfusion/ej2-compression": "~16.3.21"
      }
    },
    "@syncfusion/ej2-file-utils": {
      "version": "16.3.21",
      "resolved": "https://registry.npmjs.org/@syncfusion/ej2-file-utils/-/ej2-file-utils-16.3.21.tgz",
      "integrity": "sha512-Bly/iBc/CCyNf+q8Q0HqzOPBUZgYJbI7JTuaRvMJ68xjID6+GXy42dModbG6/ulJfr3TbV0uw2uZsgvVGjTvcw==",
      "dev": true
    },
    "@syncfusion/ej2-grids": {
      "version": "16.3.23",
      "resolved": "https://registry.npmjs.org/@syncfusion/ej2-grids/-/ej2-grids-16.3.23.tgz",
      "integrity": "sha512-7OM0M/b8Y7d4oLEFP5DkZMOXmEOwyf3aQKKmy0qYA6KvBWCJyAWOr/0VF0qD8Ho6CRn6vuaebT8W3WmGhU1XKw==",
      "dev": true,
      "requires": {
        "@syncfusion/ej2-base": "~16.3.21",
        "@syncfusion/ej2-buttons": "~16.3.21",
        "@syncfusion/ej2-calendars": "~16.3.21",
        "@syncfusion/ej2-compression": "~16.3.21",
        "@syncfusion/ej2-data": "~16.3.22",
        "@syncfusion/ej2-dropdowns": "~16.3.23",
        "@syncfusion/ej2-excel-export": "~16.3.21",
        "@syncfusion/ej2-file-utils": "~16.3.21",
        "@syncfusion/ej2-inputs": "~16.3.22",
        "@syncfusion/ej2-lists": "~16.3.23",
        "@syncfusion/ej2-navigations": "~16.3.23",
        "@syncfusion/ej2-pdf-export": "~16.3.21",
        "@syncfusion/ej2-popups": "~16.3.21",
        "@syncfusion/ej2-splitbuttons": "~16.3.22"
      }
    },
    "@syncfusion/ej2-heatmap": {
      "version": "16.3.21",
      "resolved": "https://registry.npmjs.org/@syncfusion/ej2-heatmap/-/ej2-heatmap-16.3.21.tgz",
      "integrity": "sha512-D8nx+0qyqmshWpBIdl81wO7/Omiq6kV5trBnX0osVgjjut/R3CFc3QVENodshNPKTRmcalEiSVZyDEb0kPtfyQ==",
      "dev": true,
      "requires": {
        "@syncfusion/ej2-base": "~16.3.21",
        "@syncfusion/ej2-data": "~16.3.21",
        "@syncfusion/ej2-svg-base": "~16.3.21"
      }
    },
    "@syncfusion/ej2-inputs": {
      "version": "16.3.22",
      "resolved": "https://registry.npmjs.org/@syncfusion/ej2-inputs/-/ej2-inputs-16.3.22.tgz",
      "integrity": "sha512-jx0Po/DZbVnbQVKaIIg3MqEFdjpJmJguyVmQ/4YQCOjdM2R4EOmbQC/zQUfUzvt2Hfzo4btg05PDyEqHPc2vYQ==",
      "dev": true,
      "requires": {
        "@syncfusion/ej2-base": "~16.3.21",
        "@syncfusion/ej2-buttons": "~16.3.21",
        "@syncfusion/ej2-popups": "~16.3.21",
        "@syncfusion/ej2-splitbuttons": "~16.3.22"
      }
    },
    "@syncfusion/ej2-layouts": {
      "version": "16.3.21",
      "resolved": "https://registry.npmjs.org/@syncfusion/ej2-layouts/-/ej2-layouts-16.3.21.tgz",
      "integrity": "sha512-wxnC9HRWF/AqX2ot29yndhTJCnX2qNe5yRe3Tk7qNpMHCSomeFZOPsaFA8pxgpxupkUaoFYec4CN4AQ3pCMxkg==",
      "dev": true,
      "requires": {
        "@syncfusion/ej2-base": "~16.3.21"
      }
    },
    "@syncfusion/ej2-lineargauge": {
      "version": "16.3.21",
      "resolved": "https://registry.npmjs.org/@syncfusion/ej2-lineargauge/-/ej2-lineargauge-16.3.21.tgz",
      "integrity": "sha512-2N9stpyRADTTNJS3+LliuJQowV6UQjsmMWo0+DTNgmbfhnd37LTCrTCrEk3Y93xhIDbbpNXAepnX/tL/vxSdkg==",
      "dev": true,
      "requires": {
        "@syncfusion/ej2-base": "~16.3.21",
        "@syncfusion/ej2-popups": "~16.3.21",
        "@syncfusion/ej2-svg-base": "~16.3.21"
      }
    },
    "@syncfusion/ej2-lists": {
      "version": "16.3.23",
      "resolved": "https://registry.npmjs.org/@syncfusion/ej2-lists/-/ej2-lists-16.3.23.tgz",
      "integrity": "sha512-vSVJ/rZBaDMJnDUuiOJ96mzhSQenEo5XceFkbUedkXn1S4SyrvjU9f+n7K2Xtaxs1XyW7yRHttrReAkpDRh3iA==",
      "dev": true,
      "requires": {
        "@syncfusion/ej2-base": "~16.3.21",
        "@syncfusion/ej2-buttons": "~16.3.21",
        "@syncfusion/ej2-data": "~16.3.22"
      }
    },
    "@syncfusion/ej2-maps": {
      "version": "16.3.22",
      "resolved": "https://registry.npmjs.org/@syncfusion/ej2-maps/-/ej2-maps-16.3.22.tgz",
      "integrity": "sha512-1aI16e/Gtc8jh2H9LzesGSVOkKQHSQ/K8cAXdh0T59yslA3pBkAPx9mWKRA7CPTzG2WSzbjNGfL4ReZ8AXxMkA==",
      "dev": true,
      "requires": {
        "@syncfusion/ej2-base": "~16.3.21",
        "@syncfusion/ej2-compression": "~16.3.21",
        "@syncfusion/ej2-data": "~16.3.22",
        "@syncfusion/ej2-file-utils": "~16.3.21",
        "@syncfusion/ej2-pdf-export": "~16.3.21",
        "@syncfusion/ej2-popups": "~16.3.21",
        "@syncfusion/ej2-svg-base": "~16.3.21"
      }
    },
    "@syncfusion/ej2-navigations": {
      "version": "16.3.23",
      "resolved": "https://registry.npmjs.org/@syncfusion/ej2-navigations/-/ej2-navigations-16.3.23.tgz",
      "integrity": "sha512-BlGkeNxC6aOFLsUqwiJY3EOkQZV3VSGvIn6ZA4vKrvoiePUnS1suPGTxpP+kPG0+YsUuJoUWg2tcsOJYh7Mx9A==",
      "dev": true,
      "requires": {
        "@syncfusion/ej2-base": "~16.3.21",
        "@syncfusion/ej2-buttons": "~16.3.21",
        "@syncfusion/ej2-data": "~16.3.22",
        "@syncfusion/ej2-inputs": "~16.3.22",
        "@syncfusion/ej2-lists": "~16.3.23",
        "@syncfusion/ej2-popups": "~16.3.21"
      }
    },
    "@syncfusion/ej2-notifications": {
      "version": "16.3.21",
      "resolved": "https://registry.npmjs.org/@syncfusion/ej2-notifications/-/ej2-notifications-16.3.21.tgz",
      "integrity": "sha512-xHACCmcezC7qmF6LSrbia9b7cm7EFfKmtgjNmw8F2xNH0m+Kv/WyGgEvET9wgVCr3P6b/eC/TYS22Tib5jjgXg==",
      "dev": true,
      "requires": {
        "@syncfusion/ej2-base": "~16.3.21",
        "@syncfusion/ej2-buttons": "~16.3.21",
        "@syncfusion/ej2-popups": "~16.3.21"
      }
    },
    "@syncfusion/ej2-pdf-export": {
      "version": "16.3.21",
      "resolved": "https://registry.npmjs.org/@syncfusion/ej2-pdf-export/-/ej2-pdf-export-16.3.21.tgz",
      "integrity": "sha512-ACwfjLPQm5mfL9wXLS+hek/NEqiwNDmIVA+1+oDy+DC7gkj6alZDVM5FnH19weuBDR8Pud8aFv4Fa9EL08BcuQ==",
      "dev": true,
      "requires": {
        "@syncfusion/ej2-compression": "~16.3.21"
      }
    },
    "@syncfusion/ej2-pivotview": {
      "version": "16.3.21",
      "resolved": "https://registry.npmjs.org/@syncfusion/ej2-pivotview/-/ej2-pivotview-16.3.21.tgz",
      "integrity": "sha512-SftZp199nOjSRGUmDPnGkMfcll7EvM5e3M7w4SarChClTywFIdAugX3LhlmDGu5NwqxHid3xtlD/F51jSl4JLg==",
      "dev": true,
      "requires": {
        "@syncfusion/ej2-base": "~16.3.21",
        "@syncfusion/ej2-buttons": "~16.3.21",
        "@syncfusion/ej2-calendars": "~16.3.21",
        "@syncfusion/ej2-compression": "~16.3.21",
        "@syncfusion/ej2-data": "~16.3.21",
        "@syncfusion/ej2-dropdowns": "~16.3.21",
        "@syncfusion/ej2-excel-export": "~16.3.21",
        "@syncfusion/ej2-file-utils": "~16.3.21",
        "@syncfusion/ej2-grids": "~16.3.21",
        "@syncfusion/ej2-inputs": "~16.3.21",
        "@syncfusion/ej2-lists": "~16.3.21",
        "@syncfusion/ej2-navigations": "~16.3.21",
        "@syncfusion/ej2-pdf-export": "~16.3.21",
        "@syncfusion/ej2-popups": "~16.3.21"
      }
    },
    "@syncfusion/ej2-popups": {
      "version": "16.3.21",
      "resolved": "https://registry.npmjs.org/@syncfusion/ej2-popups/-/ej2-popups-16.3.21.tgz",
      "integrity": "sha512-WdsRKB06y1Fx62zXqFXWCiQfbxro4vDGCLDw75GCFtMhmJBuLkLDsQmuja/JL8VI++JMqpqbkwglcgQF3D6TFw==",
      "dev": true,
      "requires": {
        "@syncfusion/ej2-base": "~16.3.21",
        "@syncfusion/ej2-buttons": "~16.3.21"
      }
    },
    "@syncfusion/ej2-richtexteditor": {
      "version": "16.3.22",
      "resolved": "https://registry.npmjs.org/@syncfusion/ej2-richtexteditor/-/ej2-richtexteditor-16.3.22.tgz",
      "integrity": "sha512-dlw8VI1TsTtHi2AtGNHS+l92tPqhwDPEpoEGBDKU8BNuYbSA9trNDEiqf0Aym76HMW7wzAk4lZ7DsweuMNUmhA==",
      "dev": true,
      "requires": {
        "@syncfusion/ej2-base": "~16.3.21",
        "@syncfusion/ej2-navigations": "~16.3.21",
        "@syncfusion/ej2-popups": "~16.3.21",
        "@syncfusion/ej2-splitbuttons": "~16.3.22"
      }
    },
    "@syncfusion/ej2-schedule": {
      "version": "16.3.23",
      "resolved": "https://registry.npmjs.org/@syncfusion/ej2-schedule/-/ej2-schedule-16.3.23.tgz",
      "integrity": "sha512-YF7REbk9TEkoSA4hx2oBZzXtesxxjbvO39R+urwp32PWaZfFk9WN68RjHHrjvrE/w6d58dUsfrEJOfdDp39v1w==",
      "dev": true,
      "requires": {
        "@syncfusion/ej2-base": "~16.3.21",
        "@syncfusion/ej2-buttons": "~16.3.21",
        "@syncfusion/ej2-calendars": "~16.3.21",
        "@syncfusion/ej2-data": "~16.3.22",
        "@syncfusion/ej2-dropdowns": "~16.3.23",
        "@syncfusion/ej2-inputs": "~16.3.22",
        "@syncfusion/ej2-lists": "~16.3.23",
        "@syncfusion/ej2-navigations": "~16.3.23",
        "@syncfusion/ej2-popups": "~16.3.21"
      }
    },
    "@syncfusion/ej2-splitbuttons": {
      "version": "16.3.22",
      "resolved": "https://registry.npmjs.org/@syncfusion/ej2-splitbuttons/-/ej2-splitbuttons-16.3.22.tgz",
      "integrity": "sha512-2MzXBkaqNt9fwMtUtl4iS6Uc7S37vgBWaQmU5Ujj1xCYAQBYeoCMNn9+sbWKWfdRmp7JuUDhAdvxNoV/Xs7BGg==",
      "dev": true,
      "requires": {
        "@syncfusion/ej2-base": "~16.3.21",
        "@syncfusion/ej2-popups": "~16.3.21"
      }
    },
    "@syncfusion/ej2-svg-base": {
      "version": "16.3.21",
      "resolved": "https://registry.npmjs.org/@syncfusion/ej2-svg-base/-/ej2-svg-base-16.3.21.tgz",
      "integrity": "sha512-HPGq3j54gozqQGDadxPbI9AYHR0qxUJUu47oQKQGy4rD/5KlbqHnPMCjDJeCVmofEK8bIQ3T0dgnrpQZZqJJhQ==",
      "dev": true,
      "requires": {
        "@syncfusion/ej2-base": "~16.3.21"
      }
    },
    "@syncfusion/ej2-treemap": {
      "version": "16.3.21",
      "resolved": "https://registry.npmjs.org/@syncfusion/ej2-treemap/-/ej2-treemap-16.3.21.tgz",
      "integrity": "sha512-mZ9c08djrjixi0k2WYwLyL7WP3wiQgNp3x9ViPw8GO30hfQrH4FXZB4MB5rJ+ekTl0JazOcq4wMTOapi9cWuFw==",
      "dev": true,
      "requires": {
        "@syncfusion/ej2-base": "~16.3.21",
        "@syncfusion/ej2-compression": "~16.3.21",
        "@syncfusion/ej2-data": "~16.3.21",
        "@syncfusion/ej2-file-utils": "~16.3.21",
        "@syncfusion/ej2-pdf-export": "~16.3.21",
        "@syncfusion/ej2-svg-base": "~16.3.21"
      }
    },
    "bootstrap": {
      "version": "4.1.3",
      "resolved": "https://registry.npmjs.org/bootstrap/-/bootstrap-4.1.3.tgz",
      "integrity": "sha512-rDFIzgXcof0jDyjNosjv4Sno77X4KuPeFxG2XZZv1/Kc8DRVGVADdoQyyOVDwPqL36DDmtCQbrpMCqvpPLJQ0w==",
      "dev": true
    },
    "jquery": {
      "version": "3.3.1",
      "resolved": "https://registry.npmjs.org/jquery/-/jquery-3.3.1.tgz",
      "integrity": "sha512-Ubldcmxp5np52/ENotGxlLe6aGMvmF4R8S6tZjsP6Knsaxd/xp3Zrh50cG93lR6nPXyUFwzN3ZSOQI0wRJNdGg==",
      "dev": true
    },
    "jquery-validation": {
      "version": "1.18.0",
      "resolved": "https://registry.npmjs.org/jquery-validation/-/jquery-validation-1.18.0.tgz",
      "integrity": "sha512-+MK0pvoegfLrJnwtCU6tx305Vgp9HWevpmdVwDf5TthmINkn0wqqLD0bpa75EERlHsBBjMmza//ppx5ZQPnW3Q==",
      "dev": true,
      "requires": {
        "jquery": "^1.7 || ^2.0 || ^3.1"
      }
    },
    "jquery-validation-unobtrusive": {
      "version": "3.2.11",
      "resolved": "https://registry.npmjs.org/jquery-validation-unobtrusive/-/jquery-validation-unobtrusive-3.2.11.tgz",
      "integrity": "sha512-3FQPllaWdD+Aq55zJLGSW39+eXPDz1HhwAvrSwYi8zHQ8DVcu5IJ1HVeTiCl0BnCnrIBvfFU3zEB/DrGdcoRIQ==",
      "dev": true,
      "requires": {
        "jquery": ">=1.8",
        "jquery-validation": ">=1.16"
      }
    },
    "popper.js": {
      "version": "1.14.4",
      "resolved": "https://registry.npmjs.org/popper.js/-/popper.js-1.14.4.tgz",
      "integrity": "sha1-juwdj/AqWjoVLdQ0FKFce3n9abY=",
      "dev": true
    },
    "tslib": {
      "version": "1.9.3",
      "resolved": "https://registry.npmjs.org/tslib/-/tslib-1.9.3.tgz",
      "integrity": "sha512-4krF8scpejhaOgqzBEcGM7yDIEfi0/8+8zDRZhNZZ2kjmHJ4hv3zCbQWxoJGz1iw5U0Jl0nma13xzHXcncMavQ==",
      "dev": true
    }
  }
}
