
Microsoft Visual Studio Solution File, Format Version 12.00
# Visual Studio 15
VisualStudioVersion = 15.0.28307.102
MinimumVisualStudioVersion = 10.0.40219.1
Project("{2150E333-8FDC-42A3-9474-1A3956D46DE8}") = "Contracts", "Contracts", "{9910624D-3DC3-48DC-AA53-8D99EAE9AD2B}"
EndProject
Project("{2150E333-8FDC-42A3-9474-1A3956D46DE8}") = "Common", "Common", "{AD8B6C4F-1431-45DE-9A6D-D2D3A5AD5FB0}"
EndProject
Project("{2150E333-8FDC-42A3-9474-1A3956D46DE8}") = "ProjectModule", "ProjectModule", "{CA3F73DC-085A-493E-A4E5-963C11C60743}"
EndProject
Project("{2150E333-8FDC-42A3-9474-1A3956D46DE8}") = "Web", "Web", "{44973C1F-88CA-416D-8ABE-619F2F2060B1}"
EndProject
Project("{FAE04EC0-301F-11D3-BF4B-00C04F79EFBC}") = "CommonContracts", "CommonContracts\CommonContracts.csproj", "{4E9573CF-7D70-4557-A380-0CAE1A32FE4B}"
EndProject
Project("{FAE04EC0-301F-11D3-BF4B-00C04F79EFBC}") = "ProjectContracts", "ProjectContracts\ProjectContracts.csproj", "{ECCF252E-D104-42CF-8632-9E7E209D1ABF}"
EndProject
Project("{FAE04EC0-301F-11D3-BF4B-00C04F79EFBC}") = "Project", "Project\Project.csproj", "{1925EDB3-0E1A-4F67-B61C-9322CF1298DE}"
EndProject
Global
	GlobalSection(SolutionConfigurationPlatforms) = preSolution
		Debug|Any CPU = Debug|Any CPU
		Release|Any CPU = Release|Any CPU
	EndGlobalSection
	GlobalSection(ProjectConfigurationPlatforms) = postSolution
		{4E9573CF-7D70-4557-A380-0CAE1A32FE4B}.Debug|Any CPU.ActiveCfg = Debug|Any CPU
		{4E9573CF-7D70-4557-A380-0CAE1A32FE4B}.Debug|Any CPU.Build.0 = Debug|Any CPU
		{4E9573CF-7D70-4557-A380-0CAE1A32FE4B}.Release|Any CPU.ActiveCfg = Release|Any CPU
		{4E9573CF-7D70-4557-A380-0CAE1A32FE4B}.Release|Any CPU.Build.0 = Release|Any CPU
		{ECCF252E-D104-42CF-8632-9E7E209D1ABF}.Debug|Any CPU.ActiveCfg = Debug|Any CPU
		{ECCF252E-D104-42CF-8632-9E7E209D1ABF}.Debug|Any CPU.Build.0 = Debug|Any CPU
		{ECCF252E-D104-42CF-8632-9E7E209D1ABF}.Release|Any CPU.ActiveCfg = Release|Any CPU
		{ECCF252E-D104-42CF-8632-9E7E209D1ABF}.Release|Any CPU.Build.0 = Release|Any CPU
		{1925EDB3-0E1A-4F67-B61C-9322CF1298DE}.Debug|Any CPU.ActiveCfg = Debug|Any CPU
		{1925EDB3-0E1A-4F67-B61C-9322CF1298DE}.Debug|Any CPU.Build.0 = Debug|Any CPU
		{1925EDB3-0E1A-4F67-B61C-9322CF1298DE}.Release|Any CPU.ActiveCfg = Release|Any CPU
		{1925EDB3-0E1A-4F67-B61C-9322CF1298DE}.Release|Any CPU.Build.0 = Release|Any CPU
	EndGlobalSection
	GlobalSection(SolutionProperties) = preSolution
		HideSolutionNode = FALSE
	EndGlobalSection
	GlobalSection(NestedProjects) = preSolution
		{44973C1F-88CA-416D-8ABE-619F2F2060B1} = {CA3F73DC-085A-493E-A4E5-963C11C60743}
		{4E9573CF-7D70-4557-A380-0CAE1A32FE4B} = {9910624D-3DC3-48DC-AA53-8D99EAE9AD2B}
		{ECCF252E-D104-42CF-8632-9E7E209D1ABF} = {9910624D-3DC3-48DC-AA53-8D99EAE9AD2B}
		{1925EDB3-0E1A-4F67-B61C-9322CF1298DE} = {44973C1F-88CA-416D-8ABE-619F2F2060B1}
	EndGlobalSection
	GlobalSection(ExtensibilityGlobals) = postSolution
		SolutionGuid = {0F943B0C-1307-4261-A010-CB6D051426A3}
	EndGlobalSection
EndGlobal
