
Microsoft Visual Studio Solution File, Format Version 12.00
# Visual Studio 15
VisualStudioVersion = 15.0.28010.2046
MinimumVisualStudioVersion = 10.0.40219.1
Project("{9A19103F-16F7-4668-BE54-9A1E7A4F7556}") = "SamTestCompleted", "SamTestCompleted\SamTestCompleted.csproj", "{CA4A7011-E0E9-4411-81CF-40A8092C128E}"
EndProject
Project("{9A19103F-16F7-4668-BE54-9A1E7A4F7556}") = "Logger", "Logger\Logger.csproj", "{B46B9EDE-E48E-450E-ACF8-AA18B66EB166}"
EndProject
Project("{2150E333-8FDC-42A3-9474-1A3956D46DE8}") = "Logging", "Logging", "{BC59E614-1603-4A59-A352-DC6FD3899A71}"
EndProject
Project("{2150E333-8FDC-42A3-9474-1A3956D46DE8}") = "WebSites", "WebSites", "{D79F294E-B5AE-47D0-A5EC-B3733B826C59}"
EndProject
Project("{2150E333-8FDC-42A3-9474-1A3956D46DE8}") = "Mailing", "Mailing", "{57079F50-CD0F-4E4F-A5E2-02F96B3DE518}"
EndProject
Project("{2150E333-8FDC-42A3-9474-1A3956D46DE8}") = "Helpers", "Helpers", "{7D5005EF-7CCF-437B-8D63-61C64932624C}"
EndProject
Project("{2150E333-8FDC-42A3-9474-1A3956D46DE8}") = "SolutionItems", "SolutionItems", "{809599B9-27AA-41B3-B6ED-45D10D3B4026}"
EndProject
Project("{2150E333-8FDC-42A3-9474-1A3956D46DE8}") = "Tests", "Tests", "{1FBF4A24-D550-45B3-8596-ACEDD069B185}"
EndProject
Project("{2150E333-8FDC-42A3-9474-1A3956D46DE8}") = "Services", "Services", "{C78C5A5B-1C0E-461A-8175-26AB1A451BD0}"
EndProject
Project("{2150E333-8FDC-42A3-9474-1A3956D46DE8}") = "Reporting", "Reporting", "{1B4BF2B7-C997-4B6F-B434-BF2287AD48D0}"
EndProject
Project("{2150E333-8FDC-42A3-9474-1A3956D46DE8}") = "DAL", "DAL", "{AEE45729-C912-47D3-B613-3DBEBB1B1896}"
EndProject
Project("{2150E333-8FDC-42A3-9474-1A3956D46DE8}") = "BLL", "BLL", "{9A6D2007-D8AD-44A9-8F88-4A20E677679D}"
EndProject
Project("{9A19103F-16F7-4668-BE54-9A1E7A4F7556}") = "BusinessLogic", "BusinessLogic\BusinessLogic.csproj", "{8E05DAC5-B940-4AA7-B9E3-E37BAF788D33}"
EndProject
Project("{9A19103F-16F7-4668-BE54-9A1E7A4F7556}") = "DataAccess", "DataAccess\DataAccess.csproj", "{398A1FB0-5965-4E13-A1AE-5BEC70703312}"
EndProject
Project("{2150E333-8FDC-42A3-9474-1A3956D46DE8}") = "Authentication", "Authentication", "{C0B9DBBD-A281-4DD3-9C12-A87DABF4413E}"
EndProject
Project("{2150E333-8FDC-42A3-9474-1A3956D46DE8}") = "Authorization", "Authorization", "{F97993D4-4CE4-43D1-B642-6A9DFC3AD28B}"
EndProject
Project("{9A19103F-16F7-4668-BE54-9A1E7A4F7556}") = "AuthorizationLogic", "AuthorizationLogic\AuthorizationLogic.csproj", "{741600C0-0F8B-49A8-BD12-1D0C236E4B92}"
EndProject
Project("{9A19103F-16F7-4668-BE54-9A1E7A4F7556}") = "AuthenticationLogic", "AuthenticationLogic\AuthenticationLogic.csproj", "{1EB63824-6782-4AA3-9108-755E1D422DDB}"
EndProject
Project("{2150E333-8FDC-42A3-9474-1A3956D46DE8}") = "ErrorsHandling", "ErrorsHandling", "{219E7FCB-275F-438C-A11A-BA36BDC13149}"
EndProject
Project("{FAE04EC0-301F-11D3-BF4B-00C04F79EFBC}") = "ErrorHandler", "ErrorHandler\ErrorHandler.csproj", "{1B00A494-48BF-485F-8F70-EE13B1D066C9}"
EndProject
Global
	GlobalSection(SolutionConfigurationPlatforms) = preSolution
		Debug|Any CPU = Debug|Any CPU
		Release|Any CPU = Release|Any CPU
	EndGlobalSection
	GlobalSection(ProjectConfigurationPlatforms) = postSolution
		{CA4A7011-E0E9-4411-81CF-40A8092C128E}.Debug|Any CPU.ActiveCfg = Debug|Any CPU
		{CA4A7011-E0E9-4411-81CF-40A8092C128E}.Debug|Any CPU.Build.0 = Debug|Any CPU
		{CA4A7011-E0E9-4411-81CF-40A8092C128E}.Release|Any CPU.ActiveCfg = Release|Any CPU
		{CA4A7011-E0E9-4411-81CF-40A8092C128E}.Release|Any CPU.Build.0 = Release|Any CPU
		{B46B9EDE-E48E-450E-ACF8-AA18B66EB166}.Debug|Any CPU.ActiveCfg = Debug|Any CPU
		{B46B9EDE-E48E-450E-ACF8-AA18B66EB166}.Debug|Any CPU.Build.0 = Debug|Any CPU
		{B46B9EDE-E48E-450E-ACF8-AA18B66EB166}.Release|Any CPU.ActiveCfg = Release|Any CPU
		{B46B9EDE-E48E-450E-ACF8-AA18B66EB166}.Release|Any CPU.Build.0 = Release|Any CPU
		{8E05DAC5-B940-4AA7-B9E3-E37BAF788D33}.Debug|Any CPU.ActiveCfg = Debug|Any CPU
		{8E05DAC5-B940-4AA7-B9E3-E37BAF788D33}.Debug|Any CPU.Build.0 = Debug|Any CPU
		{8E05DAC5-B940-4AA7-B9E3-E37BAF788D33}.Release|Any CPU.ActiveCfg = Release|Any CPU
		{8E05DAC5-B940-4AA7-B9E3-E37BAF788D33}.Release|Any CPU.Build.0 = Release|Any CPU
		{398A1FB0-5965-4E13-A1AE-5BEC70703312}.Debug|Any CPU.ActiveCfg = Debug|Any CPU
		{398A1FB0-5965-4E13-A1AE-5BEC70703312}.Debug|Any CPU.Build.0 = Debug|Any CPU
		{398A1FB0-5965-4E13-A1AE-5BEC70703312}.Release|Any CPU.ActiveCfg = Release|Any CPU
		{398A1FB0-5965-4E13-A1AE-5BEC70703312}.Release|Any CPU.Build.0 = Release|Any CPU
		{741600C0-0F8B-49A8-BD12-1D0C236E4B92}.Debug|Any CPU.ActiveCfg = Debug|Any CPU
		{741600C0-0F8B-49A8-BD12-1D0C236E4B92}.Debug|Any CPU.Build.0 = Debug|Any CPU
		{741600C0-0F8B-49A8-BD12-1D0C236E4B92}.Release|Any CPU.ActiveCfg = Release|Any CPU
		{741600C0-0F8B-49A8-BD12-1D0C236E4B92}.Release|Any CPU.Build.0 = Release|Any CPU
		{1EB63824-6782-4AA3-9108-755E1D422DDB}.Debug|Any CPU.ActiveCfg = Debug|Any CPU
		{1EB63824-6782-4AA3-9108-755E1D422DDB}.Debug|Any CPU.Build.0 = Debug|Any CPU
		{1EB63824-6782-4AA3-9108-755E1D422DDB}.Release|Any CPU.ActiveCfg = Release|Any CPU
		{1EB63824-6782-4AA3-9108-755E1D422DDB}.Release|Any CPU.Build.0 = Release|Any CPU
		{1B00A494-48BF-485F-8F70-EE13B1D066C9}.Debug|Any CPU.ActiveCfg = Debug|Any CPU
		{1B00A494-48BF-485F-8F70-EE13B1D066C9}.Debug|Any CPU.Build.0 = Debug|Any CPU
		{1B00A494-48BF-485F-8F70-EE13B1D066C9}.Release|Any CPU.ActiveCfg = Release|Any CPU
		{1B00A494-48BF-485F-8F70-EE13B1D066C9}.Release|Any CPU.Build.0 = Release|Any CPU
	EndGlobalSection
	GlobalSection(SolutionProperties) = preSolution
		HideSolutionNode = FALSE
	EndGlobalSection
	GlobalSection(NestedProjects) = preSolution
		{CA4A7011-E0E9-4411-81CF-40A8092C128E} = {D79F294E-B5AE-47D0-A5EC-B3733B826C59}
		{B46B9EDE-E48E-450E-ACF8-AA18B66EB166} = {BC59E614-1603-4A59-A352-DC6FD3899A71}
		{8E05DAC5-B940-4AA7-B9E3-E37BAF788D33} = {9A6D2007-D8AD-44A9-8F88-4A20E677679D}
		{398A1FB0-5965-4E13-A1AE-5BEC70703312} = {AEE45729-C912-47D3-B613-3DBEBB1B1896}
		{741600C0-0F8B-49A8-BD12-1D0C236E4B92} = {F97993D4-4CE4-43D1-B642-6A9DFC3AD28B}
		{1EB63824-6782-4AA3-9108-755E1D422DDB} = {C0B9DBBD-A281-4DD3-9C12-A87DABF4413E}
		{1B00A494-48BF-485F-8F70-EE13B1D066C9} = {219E7FCB-275F-438C-A11A-BA36BDC13149}
	EndGlobalSection
	GlobalSection(ExtensibilityGlobals) = postSolution
		SolutionGuid = {DB3E53D0-DA81-4507-81A7-89942C3976EE}
	EndGlobalSection
EndGlobal
