
Microsoft Visual Studio Solution File, Format Version 12.00
# Visual Studio 15
VisualStudioVersion = 15.0.28010.2019
MinimumVisualStudioVersion = 10.0.40219.1
Project("{9A19103F-16F7-4668-BE54-9A1E7A4F7556}") = "BusinessLogicLayer", "BusinessLogicLayer\BusinessLogicLayer.csproj", "{AD4FE363-202A-4D71-8AF5-3C0E8CD04D98}"
EndProject
Project("{9A19103F-16F7-4668-BE54-9A1E7A4F7556}") = "SamHumanResourcesReservationSystem", "SamHumanResourcesReservationSystem\SamHumanResourcesReservationSystem.csproj", "{871D491F-A024-49DE-BD85-292D053FA7E0}"
EndProject
Project("{FAE04EC0-301F-11D3-BF4B-00C04F79EFBC}") = "DataAccessLayer", "DataAccessLayer\DataAccessLayer.csproj", "{E9B750CB-D0A9-43D5-BACA-22C32158B67C}"
EndProject
Project("{FAE04EC0-301F-11D3-BF4B-00C04F79EFBC}") = "WebApplication1", "WebApplication1\WebApplication1.csproj", "{7FA77E57-1447-4DFD-A8E8-E1312E118391}"
EndProject
Global
	GlobalSection(SolutionConfigurationPlatforms) = preSolution
		Debug|Any CPU = Debug|Any CPU
		Release|Any CPU = Release|Any CPU
	EndGlobalSection
	GlobalSection(ProjectConfigurationPlatforms) = postSolution
		{AD4FE363-202A-4D71-8AF5-3C0E8CD04D98}.Debug|Any CPU.ActiveCfg = Debug|Any CPU
		{AD4FE363-202A-4D71-8AF5-3C0E8CD04D98}.Debug|Any CPU.Build.0 = Debug|Any CPU
		{AD4FE363-202A-4D71-8AF5-3C0E8CD04D98}.Release|Any CPU.ActiveCfg = Release|Any CPU
		{AD4FE363-202A-4D71-8AF5-3C0E8CD04D98}.Release|Any CPU.Build.0 = Release|Any CPU
		{871D491F-A024-49DE-BD85-292D053FA7E0}.Debug|Any CPU.ActiveCfg = Debug|Any CPU
		{871D491F-A024-49DE-BD85-292D053FA7E0}.Debug|Any CPU.Build.0 = Debug|Any CPU
		{871D491F-A024-49DE-BD85-292D053FA7E0}.Release|Any CPU.ActiveCfg = Release|Any CPU
		{871D491F-A024-49DE-BD85-292D053FA7E0}.Release|Any CPU.Build.0 = Release|Any CPU
		{E9B750CB-D0A9-43D5-BACA-22C32158B67C}.Debug|Any CPU.ActiveCfg = Debug|Any CPU
		{E9B750CB-D0A9-43D5-BACA-22C32158B67C}.Debug|Any CPU.Build.0 = Debug|Any CPU
		{E9B750CB-D0A9-43D5-BACA-22C32158B67C}.Release|Any CPU.ActiveCfg = Release|Any CPU
		{E9B750CB-D0A9-43D5-BACA-22C32158B67C}.Release|Any CPU.Build.0 = Release|Any CPU
		{7FA77E57-1447-4DFD-A8E8-E1312E118391}.Debug|Any CPU.ActiveCfg = Debug|Any CPU
		{7FA77E57-1447-4DFD-A8E8-E1312E118391}.Debug|Any CPU.Build.0 = Debug|Any CPU
		{7FA77E57-1447-4DFD-A8E8-E1312E118391}.Release|Any CPU.ActiveCfg = Release|Any CPU
		{7FA77E57-1447-4DFD-A8E8-E1312E118391}.Release|Any CPU.Build.0 = Release|Any CPU
	EndGlobalSection
	GlobalSection(SolutionProperties) = preSolution
		HideSolutionNode = FALSE
	EndGlobalSection
	GlobalSection(ExtensibilityGlobals) = postSolution
		SolutionGuid = {D7970137-A7CC-424C-A70C-4CDE9629C6DE}
	EndGlobalSection
EndGlobal
