
Microsoft Visual Studio Solution File, Format Version 12.00
# Visual Studio 15
VisualStudioVersion = 15.0.27703.2026
MinimumVisualStudioVersion = 10.0.40219.1
Project("{FAE04EC0-301F-11D3-BF4B-00C04F79EFBC}") = "AspNetCore_01", "AspNetCore_01\AspNetCore_01.csproj", "{3DFE72F2-2490-421E-AC2A-8BABB8B10B5F}"
EndProject
Global
	GlobalSection(SolutionConfigurationPlatforms) = preSolution
		Debug|Any CPU = Debug|Any CPU
		Release|Any CPU = Release|Any CPU
	EndGlobalSection
	GlobalSection(ProjectConfigurationPlatforms) = postSolution
		{3DFE72F2-2490-421E-AC2A-8BABB8B10B5F}.Debug|Any CPU.ActiveCfg = Debug|Any CPU
		{3DFE72F2-2490-421E-AC2A-8BABB8B10B5F}.Debug|Any CPU.Build.0 = Debug|Any CPU
		{3DFE72F2-2490-421E-AC2A-8BABB8B10B5F}.Release|Any CPU.ActiveCfg = Release|Any CPU
		{3DFE72F2-2490-421E-AC2A-8BABB8B10B5F}.Release|Any CPU.Build.0 = Release|Any CPU
	EndGlobalSection
	GlobalSection(SolutionProperties) = preSolution
		HideSolutionNode = FALSE
	EndGlobalSection
	GlobalSection(ExtensibilityGlobals) = postSolution
		SolutionGuid = {97A2CC08-B3EC-46D5-A008-C282D4ABF042}
	EndGlobalSection
EndGlobal
