
Microsoft Visual Studio Solution File, Format Version 12.00
# Visual Studio 15
VisualStudioVersion = 15.0.27703.2026
MinimumVisualStudioVersion = 10.0.40219.1
Project("{9A19103F-16F7-4668-BE54-9A1E7A4F7556}") = "AspNetCore_01", "AspNetCore_01\AspNetCore_01.csproj", "{3DFE72F2-2490-421E-AC2A-8BABB8B10B5F}"
EndProject
Project("{9A19103F-16F7-4668-BE54-9A1E7A4F7556}") = "Test_001", "Test_001\Test_001.csproj", "{A426CDBB-1E18-468C-8059-185B8A8CE3EE}"
EndProject
Project("{9A19103F-16F7-4668-BE54-9A1E7A4F7556}") = "Test_002", "Test_002\Test_002.csproj", "{AD0DD410-A7EE-49C3-912B-835D8F299394}"
EndProject
Project("{9A19103F-16F7-4668-BE54-9A1E7A4F7556}") = "Test_003", "Test_003\Test_003.csproj", "{665DB0CC-C1D8-4122-AE93-5834D7E602CB}"
EndProject
Project("{9A19103F-16F7-4668-BE54-9A1E7A4F7556}") = "Test_004", "Test_004\Test_004.csproj", "{07656534-08B4-40E8-AAE5-0CADFB8BBA3E}"
EndProject
Project("{9A19103F-16F7-4668-BE54-9A1E7A4F7556}") = "Test_005", "Test_005\Test_005.csproj", "{17C6F5B2-EA24-4F57-A6A0-B8109D771432}"
EndProject
Project("{9A19103F-16F7-4668-BE54-9A1E7A4F7556}") = "Test_006", "Test_006\Test_006.csproj", "{72AD8370-177D-477A-B33B-9D5ECC6120E8}"
EndProject
Project("{9A19103F-16F7-4668-BE54-9A1E7A4F7556}") = "Test_007", "Test_007\Test_007.csproj", "{CC06773D-CA5A-4CE6-97E9-C814CDACCC7C}"
EndProject
Project("{9A19103F-16F7-4668-BE54-9A1E7A4F7556}") = "AspNetCore_02", "AspNetCore_02\AspNetCore_02.csproj", "{F185C43E-5C50-4785-92C2-D5C3D5AE9D2A}"
EndProject
Project("{9A19103F-16F7-4668-BE54-9A1E7A4F7556}") = "AspNetCore_03", "AspNetCore_03\AspNetCore_03.csproj", "{265D4329-C048-4DAB-9313-D288AB840956}"
EndProject
Project("{9A19103F-16F7-4668-BE54-9A1E7A4F7556}") = "Shop01", "Shop01\Shop01.csproj", "{87BA0C57-FF3C-42FB-9E56-5900A8104BAB}"
EndProject
Project("{9A19103F-16F7-4668-BE54-9A1E7A4F7556}") = "AspNetCore_04", "AspNetCore_04\AspNetCore_04.csproj", "{19FD4182-502C-4377-9D09-ADC32AEF903C}"
EndProject
Project("{9A19103F-16F7-4668-BE54-9A1E7A4F7556}") = "AspNetCore_05", "AspNetCore_05\AspNetCore_05.csproj", "{4AFD5B98-7BEF-4E1A-BF6E-E194662FB9B2}"
EndProject
Project("{9A19103F-16F7-4668-BE54-9A1E7A4F7556}") = "SortPaginateFilter", "SortPaginateFilter\SortPaginateFilter.csproj", "{018437B6-15F0-4A45-9F99-615EAFC12E98}"
EndProject
Project("{FAE04EC0-301F-11D3-BF4B-00C04F79EFBC}") = "WebApi_01", "WebApi_01\WebApi_01.csproj", "{81B3C12E-DE8D-4CDA-AA1A-BF189384D35C}"
EndProject
Global
	GlobalSection(SolutionConfigurationPlatforms) = preSolution
		Debug|Any CPU = Debug|Any CPU
		Release|Any CPU = Release|Any CPU
	EndGlobalSection
	GlobalSection(ProjectConfigurationPlatforms) = postSolution
		{3DFE72F2-2490-421E-AC2A-8BABB8B10B5F}.Debug|Any CPU.ActiveCfg = Debug|Any CPU
		{3DFE72F2-2490-421E-AC2A-8BABB8B10B5F}.Debug|Any CPU.Build.0 = Debug|Any CPU
		{3DFE72F2-2490-421E-AC2A-8BABB8B10B5F}.Release|Any CPU.ActiveCfg = Release|Any CPU
		{3DFE72F2-2490-421E-AC2A-8BABB8B10B5F}.Release|Any CPU.Build.0 = Release|Any CPU
		{A426CDBB-1E18-468C-8059-185B8A8CE3EE}.Debug|Any CPU.ActiveCfg = Debug|Any CPU
		{A426CDBB-1E18-468C-8059-185B8A8CE3EE}.Debug|Any CPU.Build.0 = Debug|Any CPU
		{A426CDBB-1E18-468C-8059-185B8A8CE3EE}.Release|Any CPU.ActiveCfg = Release|Any CPU
		{A426CDBB-1E18-468C-8059-185B8A8CE3EE}.Release|Any CPU.Build.0 = Release|Any CPU
		{AD0DD410-A7EE-49C3-912B-835D8F299394}.Debug|Any CPU.ActiveCfg = Debug|Any CPU
		{AD0DD410-A7EE-49C3-912B-835D8F299394}.Debug|Any CPU.Build.0 = Debug|Any CPU
		{AD0DD410-A7EE-49C3-912B-835D8F299394}.Release|Any CPU.ActiveCfg = Release|Any CPU
		{AD0DD410-A7EE-49C3-912B-835D8F299394}.Release|Any CPU.Build.0 = Release|Any CPU
		{665DB0CC-C1D8-4122-AE93-5834D7E602CB}.Debug|Any CPU.ActiveCfg = Debug|Any CPU
		{665DB0CC-C1D8-4122-AE93-5834D7E602CB}.Debug|Any CPU.Build.0 = Debug|Any CPU
		{665DB0CC-C1D8-4122-AE93-5834D7E602CB}.Release|Any CPU.ActiveCfg = Release|Any CPU
		{665DB0CC-C1D8-4122-AE93-5834D7E602CB}.Release|Any CPU.Build.0 = Release|Any CPU
		{07656534-08B4-40E8-AAE5-0CADFB8BBA3E}.Debug|Any CPU.ActiveCfg = Debug|Any CPU
		{07656534-08B4-40E8-AAE5-0CADFB8BBA3E}.Debug|Any CPU.Build.0 = Debug|Any CPU
		{07656534-08B4-40E8-AAE5-0CADFB8BBA3E}.Release|Any CPU.ActiveCfg = Release|Any CPU
		{07656534-08B4-40E8-AAE5-0CADFB8BBA3E}.Release|Any CPU.Build.0 = Release|Any CPU
		{17C6F5B2-EA24-4F57-A6A0-B8109D771432}.Debug|Any CPU.ActiveCfg = Debug|Any CPU
		{17C6F5B2-EA24-4F57-A6A0-B8109D771432}.Debug|Any CPU.Build.0 = Debug|Any CPU
		{17C6F5B2-EA24-4F57-A6A0-B8109D771432}.Release|Any CPU.ActiveCfg = Release|Any CPU
		{17C6F5B2-EA24-4F57-A6A0-B8109D771432}.Release|Any CPU.Build.0 = Release|Any CPU
		{72AD8370-177D-477A-B33B-9D5ECC6120E8}.Debug|Any CPU.ActiveCfg = Debug|Any CPU
		{72AD8370-177D-477A-B33B-9D5ECC6120E8}.Debug|Any CPU.Build.0 = Debug|Any CPU
		{72AD8370-177D-477A-B33B-9D5ECC6120E8}.Release|Any CPU.ActiveCfg = Release|Any CPU
		{72AD8370-177D-477A-B33B-9D5ECC6120E8}.Release|Any CPU.Build.0 = Release|Any CPU
		{CC06773D-CA5A-4CE6-97E9-C814CDACCC7C}.Debug|Any CPU.ActiveCfg = Debug|Any CPU
		{CC06773D-CA5A-4CE6-97E9-C814CDACCC7C}.Debug|Any CPU.Build.0 = Debug|Any CPU
		{CC06773D-CA5A-4CE6-97E9-C814CDACCC7C}.Release|Any CPU.ActiveCfg = Release|Any CPU
		{CC06773D-CA5A-4CE6-97E9-C814CDACCC7C}.Release|Any CPU.Build.0 = Release|Any CPU
		{F185C43E-5C50-4785-92C2-D5C3D5AE9D2A}.Debug|Any CPU.ActiveCfg = Debug|Any CPU
		{F185C43E-5C50-4785-92C2-D5C3D5AE9D2A}.Debug|Any CPU.Build.0 = Debug|Any CPU
		{F185C43E-5C50-4785-92C2-D5C3D5AE9D2A}.Release|Any CPU.ActiveCfg = Release|Any CPU
		{F185C43E-5C50-4785-92C2-D5C3D5AE9D2A}.Release|Any CPU.Build.0 = Release|Any CPU
		{265D4329-C048-4DAB-9313-D288AB840956}.Debug|Any CPU.ActiveCfg = Debug|Any CPU
		{265D4329-C048-4DAB-9313-D288AB840956}.Debug|Any CPU.Build.0 = Debug|Any CPU
		{265D4329-C048-4DAB-9313-D288AB840956}.Release|Any CPU.ActiveCfg = Release|Any CPU
		{265D4329-C048-4DAB-9313-D288AB840956}.Release|Any CPU.Build.0 = Release|Any CPU
		{87BA0C57-FF3C-42FB-9E56-5900A8104BAB}.Debug|Any CPU.ActiveCfg = Debug|Any CPU
		{87BA0C57-FF3C-42FB-9E56-5900A8104BAB}.Debug|Any CPU.Build.0 = Debug|Any CPU
		{87BA0C57-FF3C-42FB-9E56-5900A8104BAB}.Release|Any CPU.ActiveCfg = Release|Any CPU
		{87BA0C57-FF3C-42FB-9E56-5900A8104BAB}.Release|Any CPU.Build.0 = Release|Any CPU
		{19FD4182-502C-4377-9D09-ADC32AEF903C}.Debug|Any CPU.ActiveCfg = Debug|Any CPU
		{19FD4182-502C-4377-9D09-ADC32AEF903C}.Debug|Any CPU.Build.0 = Debug|Any CPU
		{19FD4182-502C-4377-9D09-ADC32AEF903C}.Release|Any CPU.ActiveCfg = Release|Any CPU
		{19FD4182-502C-4377-9D09-ADC32AEF903C}.Release|Any CPU.Build.0 = Release|Any CPU
		{4AFD5B98-7BEF-4E1A-BF6E-E194662FB9B2}.Debug|Any CPU.ActiveCfg = Debug|Any CPU
		{4AFD5B98-7BEF-4E1A-BF6E-E194662FB9B2}.Debug|Any CPU.Build.0 = Debug|Any CPU
		{4AFD5B98-7BEF-4E1A-BF6E-E194662FB9B2}.Release|Any CPU.ActiveCfg = Release|Any CPU
		{4AFD5B98-7BEF-4E1A-BF6E-E194662FB9B2}.Release|Any CPU.Build.0 = Release|Any CPU
		{018437B6-15F0-4A45-9F99-615EAFC12E98}.Debug|Any CPU.ActiveCfg = Debug|Any CPU
		{018437B6-15F0-4A45-9F99-615EAFC12E98}.Debug|Any CPU.Build.0 = Debug|Any CPU
		{018437B6-15F0-4A45-9F99-615EAFC12E98}.Release|Any CPU.ActiveCfg = Release|Any CPU
		{018437B6-15F0-4A45-9F99-615EAFC12E98}.Release|Any CPU.Build.0 = Release|Any CPU
		{81B3C12E-DE8D-4CDA-AA1A-BF189384D35C}.Debug|Any CPU.ActiveCfg = Debug|Any CPU
		{81B3C12E-DE8D-4CDA-AA1A-BF189384D35C}.Debug|Any CPU.Build.0 = Debug|Any CPU
		{81B3C12E-DE8D-4CDA-AA1A-BF189384D35C}.Release|Any CPU.ActiveCfg = Release|Any CPU
		{81B3C12E-DE8D-4CDA-AA1A-BF189384D35C}.Release|Any CPU.Build.0 = Release|Any CPU
	EndGlobalSection
	GlobalSection(SolutionProperties) = preSolution
		HideSolutionNode = FALSE
	EndGlobalSection
	GlobalSection(ExtensibilityGlobals) = postSolution
		SolutionGuid = {97A2CC08-B3EC-46D5-A008-C282D4ABF042}
	EndGlobalSection
EndGlobal
