{
  "name": "asp.net",
  "version": "1.0.0",
  "lockfileVersion": 1,
  "requires": true,
  "dependencies": {
    "bootstrap": {
      "version": "4.1.3",
      "resolved": "https://registry.npmjs.org/bootstrap/-/bootstrap-4.1.3.tgz",
      "integrity": "sha512-rDFIzgXcof0jDyjNosjv4Sno77X4KuPeFxG2XZZv1/Kc8DRVGVADdoQyyOVDwPqL36DDmtCQbrpMCqvpPLJQ0w==",
      "dev": true
    },
    "core-util-is": {
      "version": "1.0.2",
      "resolved": "https://registry.npmjs.org/core-util-is/-/core-util-is-1.0.2.tgz",
      "integrity": "sha1-tf1UIgqivFq1eqtxQMlAdUUDwac=",
      "dev": true
    },
    "inherits": {
      "version": "2.0.3",
      "resolved": "https://registry.npmjs.org/inherits/-/inherits-2.0.3.tgz",
      "integrity": "sha1-Yzwsg+PaQqUC9SRmAiSA9CCCYd4=",
      "dev": true
    },
    "isarray": {
      "version": "1.0.0",
      "resolved": "https://registry.npmjs.org/isarray/-/isarray-1.0.0.tgz",
      "integrity": "sha1-u5NdSFgsuhaMBoNJV6VKPgcSTxE=",
      "dev": true
    },
    "jquery": {
      "version": "3.3.1",
      "resolved": "https://registry.npmjs.org/jquery/-/jquery-3.3.1.tgz",
      "integrity": "sha512-Ubldcmxp5np52/ENotGxlLe6aGMvmF4R8S6tZjsP6Knsaxd/xp3Zrh50cG93lR6nPXyUFwzN3ZSOQI0wRJNdGg==",
      "dev": true
    },
    "jquery-validation": {
      "version": "1.17.0",
      "resolved": "https://registry.npmjs.org/jquery-validation/-/jquery-validation-1.17.0.tgz",
      "integrity": "sha512-XddiAwhGdWhcIJ+W3ri3KG8uTPMua4TPYuUIC8/E7lOyqdScG5xHuy9YishlKc0c/lIQai77EX7hxMdTSYCEjA==",
      "dev": true,
      "requires": {
        "jquery": "^1.7 || ^2.0 || ^3.1"
      }
    },
    "jsrender": {
      "version": "1.0.0-rc.70",
      "resolved": "https://registry.npmjs.org/jsrender/-/jsrender-1.0.0-rc.70.tgz",
      "integrity": "sha1-V/f9rkQcui687DPOC2+ZmuDwUG4=",
      "dev": true,
      "requires": {
        "through2": "^2.0.0"
      }
    },
    "popper.js": {
      "version": "1.14.4",
      "resolved": "https://registry.npmjs.org/popper.js/-/popper.js-1.14.4.tgz",
      "integrity": "sha1-juwdj/AqWjoVLdQ0FKFce3n9abY=",
      "dev": true
    },
    "process-nextick-args": {
      "version": "2.0.0",
      "resolved": "https://registry.npmjs.org/process-nextick-args/-/process-nextick-args-2.0.0.tgz",
      "integrity": "sha512-MtEC1TqN0EU5nephaJ4rAtThHtC86dNN9qCuEhtshvpVBkAW5ZO7BASN9REnF9eoXGcRub+pFuKEpOHE+HbEMw==",
      "dev": true
    },
    "readable-stream": {
      "version": "2.3.6",
      "resolved": "https://registry.npmjs.org/readable-stream/-/readable-stream-2.3.6.tgz",
      "integrity": "sha512-tQtKA9WIAhBF3+VLAseyMqZeBjW0AHJoxOtYqSUZNJxauErmLbVm2FW1y+J/YA9dUrAC39ITejlZWhVIwawkKw==",
      "dev": true,
      "requires": {
        "core-util-is": "~1.0.0",
        "inherits": "~2.0.3",
        "isarray": "~1.0.0",
        "process-nextick-args": "~2.0.0",
        "safe-buffer": "~5.1.1",
        "string_decoder": "~1.1.1",
        "util-deprecate": "~1.0.1"
      }
    },
    "safe-buffer": {
      "version": "5.1.2",
      "resolved": "https://registry.npmjs.org/safe-buffer/-/safe-buffer-5.1.2.tgz",
      "integrity": "sha512-Gd2UZBJDkXlY7GbJxfsE8/nvKkUEU1G38c1siN6QP6a9PT9MmHB8GnpscSmMJSoF8LOIrt8ud/wPtojys4G6+g==",
      "dev": true
    },
    "string_decoder": {
      "version": "1.1.1",
      "resolved": "https://registry.npmjs.org/string_decoder/-/string_decoder-1.1.1.tgz",
      "integrity": "sha512-n/ShnvDi6FHbbVfviro+WojiFzv+s8MPMHBczVePfUpDJLwoLT0ht1l4YwBCbi8pJAveEEdnkHyPyTP/mzRfwg==",
      "dev": true,
      "requires": {
        "safe-buffer": "~5.1.0"
      }
    },
    "syncfusion-ej-global": {
      "version": "16.2.50",
      "resolved": "https://registry.npmjs.org/syncfusion-ej-global/-/syncfusion-ej-global-16.2.50.tgz",
      "integrity": "sha512-alaGYxgZXTzKnmlx9Phmg75dO82J02m6sVnUAa3kD+OVQP17dTVUFZr/Kd7RDPnzzOnm2J3q5eH0C8wQgYsSqw==",
      "dev": true
    },
    "syncfusion-ej-global-all": {
      "version": "16.2.50",
      "resolved": "https://registry.npmjs.org/syncfusion-ej-global-all/-/syncfusion-ej-global-all-16.2.50.tgz",
      "integrity": "sha512-GuSnpCekMyZjLis3PbDvl4EnPsPvjhDOfH9ksd789JNFdkohP14tRnq3I6gIQZ+hW1LRs9Qz6tf1i+t8tzhkZw==",
      "dev": true
    },
    "syncfusion-javascript": {
      "version": "16.2.50",
      "resolved": "https://registry.npmjs.org/syncfusion-javascript/-/syncfusion-javascript-16.2.50.tgz",
      "integrity": "sha512-vkJTz2T/K140gpqueguijx9cwu/lHG5XlINzwtU8K2DFkRxoM1lDjEb9haaERcZGRRpPCWqfWn1MVM3VlWoMZg==",
      "dev": true,
      "requires": {
        "jquery": "*",
        "jquery-validation": "*",
        "jsrender": "*",
        "syncfusion-ej-global": "*"
      }
    },
    "through2": {
      "version": "2.0.3",
      "resolved": "https://registry.npmjs.org/through2/-/through2-2.0.3.tgz",
      "integrity": "sha1-AARWmzfHx0ujnEPzzteNGtlBQL4=",
      "dev": true,
      "requires": {
        "readable-stream": "^2.1.5",
        "xtend": "~4.0.1"
      }
    },
    "util-deprecate": {
      "version": "1.0.2",
      "resolved": "https://registry.npmjs.org/util-deprecate/-/util-deprecate-1.0.2.tgz",
      "integrity": "sha1-RQ1Nyfpw3nMnYvvS1KKJgUGaDM8=",
      "dev": true
    },
    "xtend": {
      "version": "4.0.1",
      "resolved": "https://registry.npmjs.org/xtend/-/xtend-4.0.1.tgz",
      "integrity": "sha1-pcbVMr5lbiPbgg77lDofBJmNY68=",
      "dev": true
    }
  }
}
