
Microsoft Visual Studio Solution File, Format Version 12.00
# Visual Studio 15
VisualStudioVersion = 15.0.28010.2048
MinimumVisualStudioVersion = 10.0.40219.1
Project("{FAE04EC0-301F-11D3-BF4B-00C04F79EFBC}") = "Permissions", "Permissions\Permissions.csproj", "{60EAF219-6EF5-46BD-BD0E-429B83BF241C}"
EndProject
Global
	GlobalSection(SolutionConfigurationPlatforms) = preSolution
		Debug|Any CPU = Debug|Any CPU
		Release|Any CPU = Release|Any CPU
	EndGlobalSection
	GlobalSection(ProjectConfigurationPlatforms) = postSolution
		{60EAF219-6EF5-46BD-BD0E-429B83BF241C}.Debug|Any CPU.ActiveCfg = Debug|Any CPU
		{60EAF219-6EF5-46BD-BD0E-429B83BF241C}.Debug|Any CPU.Build.0 = Debug|Any CPU
		{60EAF219-6EF5-46BD-BD0E-429B83BF241C}.Release|Any CPU.ActiveCfg = Release|Any CPU
		{60EAF219-6EF5-46BD-BD0E-429B83BF241C}.Release|Any CPU.Build.0 = Release|Any CPU
	EndGlobalSection
	GlobalSection(SolutionProperties) = preSolution
		HideSolutionNode = FALSE
	EndGlobalSection
	GlobalSection(ExtensibilityGlobals) = postSolution
		SolutionGuid = {BC9A630F-CB96-4444-B269-ABFC7DC6A734}
	EndGlobalSection
EndGlobal
